{
  "lockfileVersion": 1,
  "workspaces": {
    "": {
      "name": "ott",
      "devDependencies": {
        "@types/bun": "latest",
        "peggy": "^5.0.2",
      },
      "peerDependencies": {
        "typescript": "^5",
      },
    },
  },
  "packages": {
    "@peggyjs/from-mem": ["@peggyjs/from-mem@2.0.0", "", { "dependencies": { "semver": "7.7.1" } }, "sha512-f+pL/s2DiT+2dxwheSoJT0P/KJy/s0klzE+ZqRdXHlkeyFk/DpKtyjLZIiA79kx56g3oEPA8Zu9EzEKzAwuvhw=="],

    "@types/bun": ["@types/bun@1.2.15", "", { "dependencies": { "bun-types": "1.2.15" } }, "sha512-U1ljPdBEphF0nw1MIk0hI7kPg7dFdPyM7EenHsp6W5loNHl7zqy6JQf/RKCgnUn2KDzUpkBwHPnEJEjII594bA=="],

    "@types/node": ["@types/node@22.15.27", "", { "dependencies": { "undici-types": "~6.21.0" } }, "sha512-5fF+eu5mwihV2BeVtX5vijhdaZOfkQTATrePEaXTcKqI16LhJ7gi2/Vhd9OZM0UojcdmiOCVg5rrax+i1MdoQQ=="],

    "bun-types": ["bun-types@1.2.15", "", { "dependencies": { "@types/node": "*" } }, "sha512-NarRIaS+iOaQU1JPfyKhZm4AsUOrwUOqRNHY0XxI8GI8jYxiLXLcdjYMG9UKS+fwWasc1uw1htV9AX24dD+p4w=="],

    "commander": ["commander@13.1.0", "", {}, "sha512-/rFeCpNJQbhSZjGVwO9RFV3xPqbnERS8MmIQzCtD/zl6gpJuV/bMLuN92oG3F7d8oDEHHRrujSXNUr8fpjntKw=="],

    "peggy": ["peggy@5.0.2", "", { "dependencies": { "@peggyjs/from-mem": "2.0.0", "commander": "^13.1.0", "source-map-generator": "2.0.0" }, "bin": { "peggy": "bin/peggy.js" } }, "sha512-s7cQVFZ845bskMM60L3pjWv/6QkC0dZeWd/qrj9g7vvjjS/gkHLTA4Bzs6dxIBezDPdD+WUjoEKgiH7OJA3JAw=="],

    "semver": ["semver@7.7.1", "", { "bin": { "semver": "bin/semver.js" } }, "sha512-hlq8tAfn0m/61p4BVRcPzIGr6LKiMwo4VM6dGi6pt4qcRkmNzTcWq6eCEjEh+qXjkMDvPlOFFSGwQjoEa6gyMA=="],

    "source-map-generator": ["source-map-generator@2.0.0", "", {}, "sha512-4KomB7QsJti7dFBAVF6SXHzuCNQauk4gE2CummcqPzl+eJqXz1CkkiBdVXXW3g8VGh23bxcdEVACOzrxpIqnUg=="],

    "typescript": ["typescript@5.8.3", "", { "bin": { "tsc": "bin/tsc", "tsserver": "bin/tsserver" } }, "sha512-p1diW6TqL9L07nNxvRMM7hMMw4c5XOo/1ibL4aAIGmSAt9slTE1Xgw5KWuof2uTOvCg9BY7ZRi+GaF+7sfgPeQ=="],

    "undici-types": ["undici-types@6.21.0", "", {}, "sha512-iwDZqg0QAGrg9Rav5H4n0M64c3mkR59cJ6wQp+7C4nI0gsmExaedaYLNO44eT4AtBBwjbTiGPMlt2Md0T9H9JQ=="],
  }
}
